
Microsoft Visual Studio Solution File, Format Version 12.00
# Visual Studio 15
VisualStudioVersion = 15.0.28307.168
MinimumVisualStudioVersion = 10.0.40219.1
Project("{FAE04EC0-301F-11D3-BF4B-00C04F79EFBC}") = "AeropuertoApp.EntityFramework", "AeropuertoApp.EntityFramework\AeropuertoApp.EntityFramework.csproj", "{110BC441-B5A7-4FE9-8DE7-E2BEE345DCCB}"
EndProject
Project("{FAE04EC0-301F-11D3-BF4B-00C04F79EFBC}") = "AeropuertoApp.Domain", "AeropuertoApp.Domain\AeropuertoApp.Domain.csproj", "{042BF8CF-41E0-4D84-B2B6-915FB20A49FD}"
EndProject
Project("{FAE04EC0-301F-11D3-BF4B-00C04F79EFBC}") = "AeropuertoApp.UseCases", "AeropuertoApp.UseCases\AeropuertoApp.UseCases.csproj", "{3BA54A52-06BE-453D-A98A-4BF917A2BA70}"
EndProject
Project("{FAE04EC0-301F-11D3-BF4B-00C04F79EFBC}") = "AeropuerpoApp.Infrastructure", "AeropuerpoApp.Infrastructure\AeropuerpoApp.Infrastructure.csproj", "{56F1F832-9CD6-49D4-AC20-AC656D2DDB16}"
EndProject
Project("{FAE04EC0-301F-11D3-BF4B-00C04F79EFBC}") = "AeropuertoApp.Web", "AeropuertoApp.Web\AeropuertoApp.Web.csproj", "{F7173AA5-6787-4295-914B-8DB637B41C78}"
EndProject
Global
	GlobalSection(SolutionConfigurationPlatforms) = preSolution
		Debug|Any CPU = Debug|Any CPU
		Release|Any CPU = Release|Any CPU
	EndGlobalSection
	GlobalSection(ProjectConfigurationPlatforms) = postSolution
		{110BC441-B5A7-4FE9-8DE7-E2BEE345DCCB}.Debug|Any CPU.ActiveCfg = Debug|Any CPU
		{110BC441-B5A7-4FE9-8DE7-E2BEE345DCCB}.Debug|Any CPU.Build.0 = Debug|Any CPU
		{110BC441-B5A7-4FE9-8DE7-E2BEE345DCCB}.Release|Any CPU.ActiveCfg = Release|Any CPU
		{110BC441-B5A7-4FE9-8DE7-E2BEE345DCCB}.Release|Any CPU.Build.0 = Release|Any CPU
		{042BF8CF-41E0-4D84-B2B6-915FB20A49FD}.Debug|Any CPU.ActiveCfg = Debug|Any CPU
		{042BF8CF-41E0-4D84-B2B6-915FB20A49FD}.Debug|Any CPU.Build.0 = Debug|Any CPU
		{042BF8CF-41E0-4D84-B2B6-915FB20A49FD}.Release|Any CPU.ActiveCfg = Release|Any CPU
		{042BF8CF-41E0-4D84-B2B6-915FB20A49FD}.Release|Any CPU.Build.0 = Release|Any CPU
		{3BA54A52-06BE-453D-A98A-4BF917A2BA70}.Debug|Any CPU.ActiveCfg = Debug|Any CPU
		{3BA54A52-06BE-453D-A98A-4BF917A2BA70}.Debug|Any CPU.Build.0 = Debug|Any CPU
		{3BA54A52-06BE-453D-A98A-4BF917A2BA70}.Release|Any CPU.ActiveCfg = Release|Any CPU
		{3BA54A52-06BE-453D-A98A-4BF917A2BA70}.Release|Any CPU.Build.0 = Release|Any CPU
		{56F1F832-9CD6-49D4-AC20-AC656D2DDB16}.Debug|Any CPU.ActiveCfg = Debug|Any CPU
		{56F1F832-9CD6-49D4-AC20-AC656D2DDB16}.Debug|Any CPU.Build.0 = Debug|Any CPU
		{56F1F832-9CD6-49D4-AC20-AC656D2DDB16}.Release|Any CPU.ActiveCfg = Release|Any CPU
		{56F1F832-9CD6-49D4-AC20-AC656D2DDB16}.Release|Any CPU.Build.0 = Release|Any CPU
		{F7173AA5-6787-4295-914B-8DB637B41C78}.Debug|Any CPU.ActiveCfg = Debug|Any CPU
		{F7173AA5-6787-4295-914B-8DB637B41C78}.Debug|Any CPU.Build.0 = Debug|Any CPU
		{F7173AA5-6787-4295-914B-8DB637B41C78}.Release|Any CPU.ActiveCfg = Release|Any CPU
		{F7173AA5-6787-4295-914B-8DB637B41C78}.Release|Any CPU.Build.0 = Release|Any CPU
	EndGlobalSection
	GlobalSection(SolutionProperties) = preSolution
		HideSolutionNode = FALSE
	EndGlobalSection
	GlobalSection(ExtensibilityGlobals) = postSolution
		SolutionGuid = {967FA34D-83CB-435B-9D3D-FF0A7DCD6734}
	EndGlobalSection
EndGlobal
